Microsoft Visual Studio Solution File, Format Version 8.00
Project("{8BC9CEB8-8B4A-11D0-8D11-00A0C91BC942}") = "cppasn1", "..\SNACC\c++-lib\cppasn1\cppasn1.vcproj", "{962387A0-37FA-4822-9C31-9BBB9F060AFF}"
	ProjectSection(ProjectDependencies) = postProject
	EndProjectSection
EndProject
Project("{8BC9CEB8-8B4A-11D0-8D11-00A0C91BC942}") = "cmlasn", "cml\cmlasn\cmlasn.vcproj", "{10D7F0AF-DF39-40E0-8B19-F8D1741B327E}"
	ProjectSection(ProjectDependencies) = postProject
		{962387A0-37FA-4822-9C31-9BBB9F060AFF} = {962387A0-37FA-4822-9C31-9BBB9F060AFF}
	EndProjectSection
EndProject
Project("{8BC9CEB8-8B4A-11D0-8D11-00A0C91BC942}") = "ACL", "ACL\ACL.vcproj", "{B4A0640F-A03F-42E3-8ED5-FC82578380ED}"
	ProjectSection(ProjectDependencies) = postProject
		{02C9AE2D-B8B8-4301-A550-604465C1BF53} = {02C9AE2D-B8B8-4301-A550-604465C1BF53}
		{BF73EE6B-0095-480B-B4D2-62072AF2A6F5} = {BF73EE6B-0095-480B-B4D2-62072AF2A6F5}
		{2E176B7F-C694-4D1E-841C-F39CF9B5F600} = {2E176B7F-C694-4D1E-841C-F39CF9B5F600}
		{962387A0-37FA-4822-9C31-9BBB9F060AFF} = {962387A0-37FA-4822-9C31-9BBB9F060AFF}
		{10D7F0AF-DF39-40E0-8B19-F8D1741B327E} = {10D7F0AF-DF39-40E0-8B19-F8D1741B327E}
	EndProjectSection
EndProject
Project("{8BC9CEB8-8B4A-11D0-8D11-00A0C91BC942}") = "BuildAll", "BuildAll.vcproj", "{0A6D145F-5673-43FB-B2B6-0CF0361A1000}"
	ProjectSection(ProjectDependencies) = postProject
		{B4A0640F-A03F-42E3-8ED5-FC82578380ED} = {B4A0640F-A03F-42E3-8ED5-FC82578380ED}
		{DB0A0B34-8AA7-4EDB-AFB5-1D9FEE0CD1A0} = {DB0A0B34-8AA7-4EDB-AFB5-1D9FEE0CD1A0}
		{39B6783B-D275-44C9-8AF9-2A955C4A93ED} = {39B6783B-D275-44C9-8AF9-2A955C4A93ED}
		{607DBC60-2B81-484E-A9EF-98123BB32C9E} = {607DBC60-2B81-484E-A9EF-98123BB32C9E}
		{BF73EE6B-0095-480B-B4D2-62072AF2A6F5} = {BF73EE6B-0095-480B-B4D2-62072AF2A6F5}
		{2E176B7F-C694-4D1E-841C-F39CF9B5F600} = {2E176B7F-C694-4D1E-841C-F39CF9B5F600}
		{B78C0CA4-8908-4347-98AE-7DB7300F7319} = {B78C0CA4-8908-4347-98AE-7DB7300F7319}
		{171554C5-AF04-41D5-A3EF-49EF8B76F754} = {171554C5-AF04-41D5-A3EF-49EF8B76F754}
		{E9D0ABCA-ECEA-496C-A8D4-C5DAB877042A} = {E9D0ABCA-ECEA-496C-A8D4-C5DAB877042A}
	EndProjectSection
EndProject
Project("{8BC9CEB8-8B4A-11D0-8D11-00A0C91BC942}") = "cmapi_dll", "cml\cmapi\cmapi_dll.vcproj", "{2E176B7F-C694-4D1E-841C-F39CF9B5F600}"
	ProjectSection(ProjectDependencies) = postProject
		{962387A0-37FA-4822-9C31-9BBB9F060AFF} = {962387A0-37FA-4822-9C31-9BBB9F060AFF}
		{10D7F0AF-DF39-40E0-8B19-F8D1741B327E} = {10D7F0AF-DF39-40E0-8B19-F8D1741B327E}
	EndProjectSection
EndProject
Project("{8BC9CEB8-8B4A-11D0-8D11-00A0C91BC942}") = "libCertSTATIC", "SMIME\libcert\libCertSTATIC\libCertSTATIC.vcproj", "{8BE00E59-6066-4A64-91FF-2928624E4309}"
	ProjectSection(ProjectDependencies) = postProject
		{3D56A8CF-1600-48B0-852D-E4E9D6C2AA21} = {3D56A8CF-1600-48B0-852D-E4E9D6C2AA21}
	EndProjectSection
EndProject
Project("{8BC9CEB8-8B4A-11D0-8D11-00A0C91BC942}") = "libCtilMgr", "SMIME\libCtilMgr\libCtilMgr.vcproj", "{3D56A8CF-1600-48B0-852D-E4E9D6C2AA21}"
	ProjectSection(ProjectDependencies) = postProject
		{962387A0-37FA-4822-9C31-9BBB9F060AFF} = {962387A0-37FA-4822-9C31-9BBB9F060AFF}
	EndProjectSection
EndProject
Project("{8BC9CEB8-8B4A-11D0-8D11-00A0C91BC942}") = "libsm", "SMIME\libsm.vcproj", "{607DBC60-2B81-484E-A9EF-98123BB32C9E}"
	ProjectSection(ProjectDependencies) = postProject
		{B4A0640F-A03F-42E3-8ED5-FC82578380ED} = {B4A0640F-A03F-42E3-8ED5-FC82578380ED}
		{8BE00E59-6066-4A64-91FF-2928624E4309} = {8BE00E59-6066-4A64-91FF-2928624E4309}
	EndProjectSection
EndProject
Project("{8BC9CEB8-8B4A-11D0-8D11-00A0C91BC942}") = "sm_capiDLL", "SMIME\alg_libs\sm_capiDLL\sm_capiDLL.vcproj", "{DB0A0B34-8AA7-4EDB-AFB5-1D9FEE0CD1A0}"
	ProjectSection(ProjectDependencies) = postProject
		{8BE00E59-6066-4A64-91FF-2928624E4309} = {8BE00E59-6066-4A64-91FF-2928624E4309}
		{2E176B7F-C694-4D1E-841C-F39CF9B5F600} = {2E176B7F-C694-4D1E-841C-F39CF9B5F600}
	EndProjectSection
EndProject
Project("{8BC9CEB8-8B4A-11D0-8D11-00A0C91BC942}") = "sm_free3DLL", "SMIME\alg_libs\sm_free3\sm_free3DLL.vcproj", "{39B6783B-D275-44C9-8AF9-2A955C4A93ED}"
	ProjectSection(ProjectDependencies) = postProject
		{607DBC60-2B81-484E-A9EF-98123BB32C9E} = {607DBC60-2B81-484E-A9EF-98123BB32C9E}
		{2E176B7F-C694-4D1E-841C-F39CF9B5F600} = {2E176B7F-C694-4D1E-841C-F39CF9B5F600}
	EndProjectSection
EndProject
Project("{8BC9CEB8-8B4A-11D0-8D11-00A0C91BC942}") = "SMP_Check", "SMP_Check\SMP_Check.vcproj", "{E9D0ABCA-ECEA-496C-A8D4-C5DAB877042A}"
	ProjectSection(ProjectDependencies) = postProject
		{B4A0640F-A03F-42E3-8ED5-FC82578380ED} = {B4A0640F-A03F-42E3-8ED5-FC82578380ED}
	EndProjectSection
EndProject
Project("{8BC9CEB8-8B4A-11D0-8D11-00A0C91BC942}") = "srl", "cml\srl\srl.vcproj", "{02C9AE2D-B8B8-4301-A550-604465C1BF53}"
	ProjectSection(ProjectDependencies) = postProject
	EndProjectSection
EndProject
Project("{8BC9CEB8-8B4A-11D0-8D11-00A0C91BC942}") = "pkcs11_cryptopp_dll", "pkcs11_cryptopp\pkcs11_cryptopp_dll\pkcs11_cryptopp_dll.vcproj", "{BF73EE6B-0095-480B-B4D2-62072AF2A6F5}"
	ProjectSection(ProjectDependencies) = postProject
		{6611299D-BAFC-4575-8F62-231DF3A704C9} = {6611299D-BAFC-4575-8F62-231DF3A704C9}
		{962387A0-37FA-4822-9C31-9BBB9F060AFF} = {962387A0-37FA-4822-9C31-9BBB9F060AFF}
	EndProjectSection
EndProject
Project("{8BC9CEB8-8B4A-11D0-8D11-00A0C91BC942}") = "cryptlib_mod", "cryptlib_mod51.vcproj", "{6611299D-BAFC-4575-8F62-231DF3A704C9}"
	ProjectSection(ProjectDependencies) = postProject
	EndProjectSection
EndProject
Project("{8BC9CEB8-8B4A-11D0-8D11-00A0C91BC942}") = "crlsrv_dll", "cml\crlsrv_dll\crlsrv_dll.vcproj", "{171554C5-AF04-41D5-A3EF-49EF8B76F754}"
	ProjectSection(ProjectDependencies) = postProject
		{02C9AE2D-B8B8-4301-A550-604465C1BF53} = {02C9AE2D-B8B8-4301-A550-604465C1BF53}
		{2E176B7F-C694-4D1E-841C-F39CF9B5F600} = {2E176B7F-C694-4D1E-841C-F39CF9B5F600}
		{2E176B7F-C694-4D1E-841C-F39CF9B5F600} = {2E176B7F-C694-4D1E-841C-F39CF9B5F600}
		{962387A0-37FA-4822-9C31-9BBB9F060AFF} = {962387A0-37FA-4822-9C31-9BBB9F060AFF}
		{962387A0-37FA-4822-9C31-9BBB9F060AFF} = {962387A0-37FA-4822-9C31-9BBB9F060AFF}
		{10D7F0AF-DF39-40E0-8B19-F8D1741B327E} = {10D7F0AF-DF39-40E0-8B19-F8D1741B327E}
		{10D7F0AF-DF39-40E0-8B19-F8D1741B327E} = {10D7F0AF-DF39-40E0-8B19-F8D1741B327E}
	EndProjectSection
EndProject
Project("{8BC9CEB8-8B4A-11D0-8D11-00A0C91BC942}") = "ocsplib_mod", "cml\ocsplib_mod\ocsplib_mod.vcproj", "{6A7E74F9-ADFA-47D1-B994-9D1073431402}"
	ProjectSection(ProjectDependencies) = postProject
	EndProjectSection
EndProject
Project("{8BC9CEB8-8B4A-11D0-8D11-00A0C91BC942}") = "ocsp_dll", "cml\ocsp_dll\ocsp_dll.vcproj", "{B78C0CA4-8908-4347-98AE-7DB7300F7319}"
	ProjectSection(ProjectDependencies) = postProject
		{962387A0-37FA-4822-9C31-9BBB9F060AFF} = {962387A0-37FA-4822-9C31-9BBB9F060AFF}
		{10D7F0AF-DF39-40E0-8B19-F8D1741B327E} = {10D7F0AF-DF39-40E0-8B19-F8D1741B327E}
		{6A7E74F9-ADFA-47D1-B994-9D1073431402} = {6A7E74F9-ADFA-47D1-B994-9D1073431402}
	EndProjectSection
EndProject
Project("{8BC9CEB8-8B4A-11D0-8D11-00A0C91BC942}") = "sm_rsaDLL", "SMIME\alg_libs\sm_rsa\sm_rsaDLL.vcproj", "{EF8E0C1A-35E7-4106-AD05-3A44A898CD5E}"
	ProjectSection(ProjectDependencies) = postProject
		{8BE00E59-6066-4A64-91FF-2928624E4309} = {8BE00E59-6066-4A64-91FF-2928624E4309}
		{962387A0-37FA-4822-9C31-9BBB9F060AFF} = {962387A0-37FA-4822-9C31-9BBB9F060AFF}
		{10D7F0AF-DF39-40E0-8B19-F8D1741B327E} = {10D7F0AF-DF39-40E0-8B19-F8D1741B327E}
		{3D56A8CF-1600-48B0-852D-E4E9D6C2AA21} = {3D56A8CF-1600-48B0-852D-E4E9D6C2AA21}
	EndProjectSection
EndProject
Project("{8BC9CEB8-8B4A-11D0-8D11-00A0C91BC942}") = "sm_fortezzaDLL", "SMIME\alg_libs\sm_fort\sm_fortezzaDLL.vcproj", "{1F2C3A07-6051-422C-AF40-F6BE981B5892}"
	ProjectSection(ProjectDependencies) = postProject
	EndProjectSection
EndProject
Project("{8BC9CEB8-8B4A-11D0-8D11-00A0C91BC942}") = "sm_pkcs11DLL", "SMIME\alg_libs\sm_pkcs11\sm_pkcs11DLL.vcproj", "{5F6DF9A1-6829-4C84-8450-7025D4B30C4D}"
	ProjectSection(ProjectDependencies) = postProject
		{8BE00E59-6066-4A64-91FF-2928624E4309} = {8BE00E59-6066-4A64-91FF-2928624E4309}
		{2E176B7F-C694-4D1E-841C-F39CF9B5F600} = {2E176B7F-C694-4D1E-841C-F39CF9B5F600}
	EndProjectSection
EndProject
Project("{8BC9CEB8-8B4A-11D0-8D11-00A0C91BC942}") = "sm_pkcs11Free3DLL", "SMIME\alg_libs\sm_pkcs11Free3DLL\sm_pkcs11Free3DLL.vcproj", "{314997EE-DA42-44DA-AA30-DD1928E5F9C1}"
	ProjectSection(ProjectDependencies) = postProject
	EndProjectSection
EndProject
Project("{8BC9CEB8-8B4A-11D0-8D11-00A0C91BC942}") = "sm_spexDLL", "SMIME\alg_libs\sm_spex\sm_spexDLL.vcproj", "{05DC19A0-EDCC-4DE4-846B-89D9E9784324}"
	ProjectSection(ProjectDependencies) = postProject
	EndProjectSection
EndProject
Global
	GlobalSection(SolutionConfiguration) = preSolution
		Debug = Debug
		Debug Bsafe60 = Debug Bsafe60
		Debug OpenSSL = Debug OpenSSL
		FIPS 140 Debug = FIPS 140 Debug
		FIPS 140 Release = FIPS 140 Release
		Release = Release
		Release OpenSSL = Release OpenSSL
		StaticSnacc Debug = StaticSnacc Debug
		StaticSnacc Release = StaticSnacc Release
	EndGlobalSection
	GlobalSection(ProjectConfiguration) = postSolution
		{962387A0-37FA-4822-9C31-9BBB9F060AFF}.Debug.ActiveCfg = Debug|Win32
		{962387A0-37FA-4822-9C31-9BBB9F060AFF}.Debug.Build.0 = Debug|Win32
		{962387A0-37FA-4822-9C31-9BBB9F060AFF}.Debug Bsafe60.ActiveCfg = Debug|Win32
		{962387A0-37FA-4822-9C31-9BBB9F060AFF}.Debug Bsafe60.Build.0 = Debug|Win32
		{962387A0-37FA-4822-9C31-9BBB9F060AFF}.Debug OpenSSL.ActiveCfg = Debug|Win32
		{962387A0-37FA-4822-9C31-9BBB9F060AFF}.Debug OpenSSL.Build.0 = Debug|Win32
		{962387A0-37FA-4822-9C31-9BBB9F060AFF}.FIPS 140 Debug.ActiveCfg = Debug|Win32
		{962387A0-37FA-4822-9C31-9BBB9F060AFF}.FIPS 140 Debug.Build.0 = Debug|Win32
		{962387A0-37FA-4822-9C31-9BBB9F060AFF}.FIPS 140 Release.ActiveCfg = Release|Win32
		{962387A0-37FA-4822-9C31-9BBB9F060AFF}.FIPS 140 Release.Build.0 = Release|Win32
		{962387A0-37FA-4822-9C31-9BBB9F060AFF}.Release.ActiveCfg = Release|Win32
		{962387A0-37FA-4822-9C31-9BBB9F060AFF}.Release.Build.0 = Release|Win32
		{962387A0-37FA-4822-9C31-9BBB9F060AFF}.Release OpenSSL.ActiveCfg = Release|Win32
		{962387A0-37FA-4822-9C31-9BBB9F060AFF}.Release OpenSSL.Build.0 = Release|Win32
		{962387A0-37FA-4822-9C31-9BBB9F060AFF}.StaticSnacc Debug.ActiveCfg = Debug|Win32
		{962387A0-37FA-4822-9C31-9BBB9F060AFF}.StaticSnacc Debug.Build.0 = Debug|Win32
		{962387A0-37FA-4822-9C31-9BBB9F060AFF}.StaticSnacc Release.ActiveCfg = Release|Win32
		{962387A0-37FA-4822-9C31-9BBB9F060AFF}.StaticSnacc Release.Build.0 = Release|Win32
		{10D7F0AF-DF39-40E0-8B19-F8D1741B327E}.Debug.ActiveCfg = Debug|Win32
		{10D7F0AF-DF39-40E0-8B19-F8D1741B327E}.Debug.Build.0 = Debug|Win32
		{10D7F0AF-DF39-40E0-8B19-F8D1741B327E}.Debug Bsafe60.ActiveCfg = Debug|Win32
		{10D7F0AF-DF39-40E0-8B19-F8D1741B327E}.Debug Bsafe60.Build.0 = Debug|Win32
		{10D7F0AF-DF39-40E0-8B19-F8D1741B327E}.Debug OpenSSL.ActiveCfg = Debug|Win32
		{10D7F0AF-DF39-40E0-8B19-F8D1741B327E}.Debug OpenSSL.Build.0 = Debug|Win32
		{10D7F0AF-DF39-40E0-8B19-F8D1741B327E}.FIPS 140 Debug.ActiveCfg = Debug|Win32
		{10D7F0AF-DF39-40E0-8B19-F8D1741B327E}.FIPS 140 Debug.Build.0 = Debug|Win32
		{10D7F0AF-DF39-40E0-8B19-F8D1741B327E}.FIPS 140 Release.ActiveCfg = Release|Win32
		{10D7F0AF-DF39-40E0-8B19-F8D1741B327E}.FIPS 140 Release.Build.0 = Release|Win32
		{10D7F0AF-DF39-40E0-8B19-F8D1741B327E}.Release.ActiveCfg = Release|Win32
		{10D7F0AF-DF39-40E0-8B19-F8D1741B327E}.Release.Build.0 = Release|Win32
		{10D7F0AF-DF39-40E0-8B19-F8D1741B327E}.Release OpenSSL.ActiveCfg = Release|Win32
		{10D7F0AF-DF39-40E0-8B19-F8D1741B327E}.Release OpenSSL.Build.0 = Release|Win32
		{10D7F0AF-DF39-40E0-8B19-F8D1741B327E}.StaticSnacc Debug.ActiveCfg = Debug|Win32
		{10D7F0AF-DF39-40E0-8B19-F8D1741B327E}.StaticSnacc Debug.Build.0 = Debug|Win32
		{10D7F0AF-DF39-40E0-8B19-F8D1741B327E}.StaticSnacc Release.ActiveCfg = Release|Win32
		{10D7F0AF-DF39-40E0-8B19-F8D1741B327E}.StaticSnacc Release.Build.0 = Release|Win32
		{B4A0640F-A03F-42E3-8ED5-FC82578380ED}.Debug.ActiveCfg = Debug|Win32
		{B4A0640F-A03F-42E3-8ED5-FC82578380ED}.Debug.Build.0 = Debug|Win32
		{B4A0640F-A03F-42E3-8ED5-FC82578380ED}.Debug Bsafe60.ActiveCfg = Debug|Win32
		{B4A0640F-A03F-42E3-8ED5-FC82578380ED}.Debug Bsafe60.Build.0 = Debug|Win32
		{B4A0640F-A03F-42E3-8ED5-FC82578380ED}.Debug OpenSSL.ActiveCfg = Debug|Win32
		{B4A0640F-A03F-42E3-8ED5-FC82578380ED}.Debug OpenSSL.Build.0 = Debug|Win32
		{B4A0640F-A03F-42E3-8ED5-FC82578380ED}.FIPS 140 Debug.ActiveCfg = Debug|Win32
		{B4A0640F-A03F-42E3-8ED5-FC82578380ED}.FIPS 140 Debug.Build.0 = Debug|Win32
		{B4A0640F-A03F-42E3-8ED5-FC82578380ED}.FIPS 140 Release.ActiveCfg = Release|Win32
		{B4A0640F-A03F-42E3-8ED5-FC82578380ED}.FIPS 140 Release.Build.0 = Release|Win32
		{B4A0640F-A03F-42E3-8ED5-FC82578380ED}.Release.ActiveCfg = Release|Win32
		{B4A0640F-A03F-42E3-8ED5-FC82578380ED}.Release.Build.0 = Release|Win32
		{B4A0640F-A03F-42E3-8ED5-FC82578380ED}.Release OpenSSL.ActiveCfg = Release|Win32
		{B4A0640F-A03F-42E3-8ED5-FC82578380ED}.Release OpenSSL.Build.0 = Release|Win32
		{B4A0640F-A03F-42E3-8ED5-FC82578380ED}.StaticSnacc Debug.ActiveCfg = Debug|Win32
		{B4A0640F-A03F-42E3-8ED5-FC82578380ED}.StaticSnacc Debug.Build.0 = Debug|Win32
		{B4A0640F-A03F-42E3-8ED5-FC82578380ED}.StaticSnacc Release.ActiveCfg = Release|Win32
		{B4A0640F-A03F-42E3-8ED5-FC82578380ED}.StaticSnacc Release.Build.0 = Release|Win32
		{0A6D145F-5673-43FB-B2B6-0CF0361A1000}.Debug.ActiveCfg = Debug|Win32
		{0A6D145F-5673-43FB-B2B6-0CF0361A1000}.Debug.Build.0 = Debug|Win32
		{0A6D145F-5673-43FB-B2B6-0CF0361A1000}.Debug Bsafe60.ActiveCfg = Debug|Win32
		{0A6D145F-5673-43FB-B2B6-0CF0361A1000}.Debug Bsafe60.Build.0 = Debug|Win32
		{0A6D145F-5673-43FB-B2B6-0CF0361A1000}.Debug OpenSSL.ActiveCfg = Debug|Win32
		{0A6D145F-5673-43FB-B2B6-0CF0361A1000}.Debug OpenSSL.Build.0 = Debug|Win32
		{0A6D145F-5673-43FB-B2B6-0CF0361A1000}.FIPS 140 Debug.ActiveCfg = Debug|Win32
		{0A6D145F-5673-43FB-B2B6-0CF0361A1000}.FIPS 140 Debug.Build.0 = Debug|Win32
		{0A6D145F-5673-43FB-B2B6-0CF0361A1000}.FIPS 140 Release.ActiveCfg = Release|Win32
		{0A6D145F-5673-43FB-B2B6-0CF0361A1000}.FIPS 140 Release.Build.0 = Release|Win32
		{0A6D145F-5673-43FB-B2B6-0CF0361A1000}.Release.ActiveCfg = Release|Win32
		{0A6D145F-5673-43FB-B2B6-0CF0361A1000}.Release.Build.0 = Release|Win32
		{0A6D145F-5673-43FB-B2B6-0CF0361A1000}.Release OpenSSL.ActiveCfg = Release|Win32
		{0A6D145F-5673-43FB-B2B6-0CF0361A1000}.Release OpenSSL.Build.0 = Release|Win32
		{0A6D145F-5673-43FB-B2B6-0CF0361A1000}.StaticSnacc Debug.ActiveCfg = Debug|Win32
		{0A6D145F-5673-43FB-B2B6-0CF0361A1000}.StaticSnacc Debug.Build.0 = Debug|Win32
		{0A6D145F-5673-43FB-B2B6-0CF0361A1000}.StaticSnacc Release.ActiveCfg = Release|Win32
		{0A6D145F-5673-43FB-B2B6-0CF0361A1000}.StaticSnacc Release.Build.0 = Release|Win32
		{2E176B7F-C694-4D1E-841C-F39CF9B5F600}.Debug.ActiveCfg = Debug|Win32
		{2E176B7F-C694-4D1E-841C-F39CF9B5F600}.Debug.Build.0 = Debug|Win32
		{2E176B7F-C694-4D1E-841C-F39CF9B5F600}.Debug Bsafe60.ActiveCfg = Debug|Win32
		{2E176B7F-C694-4D1E-841C-F39CF9B5F600}.Debug Bsafe60.Build.0 = Debug|Win32
		{2E176B7F-C694-4D1E-841C-F39CF9B5F600}.Debug OpenSSL.ActiveCfg = Debug|Win32
		{2E176B7F-C694-4D1E-841C-F39CF9B5F600}.Debug OpenSSL.Build.0 = Debug|Win32
		{2E176B7F-C694-4D1E-841C-F39CF9B5F600}.FIPS 140 Debug.ActiveCfg = Debug|Win32
		{2E176B7F-C694-4D1E-841C-F39CF9B5F600}.FIPS 140 Debug.Build.0 = Debug|Win32
		{2E176B7F-C694-4D1E-841C-F39CF9B5F600}.FIPS 140 Release.ActiveCfg = Release|Win32
		{2E176B7F-C694-4D1E-841C-F39CF9B5F600}.FIPS 140 Release.Build.0 = Release|Win32
		{2E176B7F-C694-4D1E-841C-F39CF9B5F600}.Release.ActiveCfg = Release|Win32
		{2E176B7F-C694-4D1E-841C-F39CF9B5F600}.Release.Build.0 = Release|Win32
		{2E176B7F-C694-4D1E-841C-F39CF9B5F600}.Release OpenSSL.ActiveCfg = Release|Win32
		{2E176B7F-C694-4D1E-841C-F39CF9B5F600}.Release OpenSSL.Build.0 = Release|Win32
		{2E176B7F-C694-4D1E-841C-F39CF9B5F600}.StaticSnacc Debug.ActiveCfg = Debug|Win32
		{2E176B7F-C694-4D1E-841C-F39CF9B5F600}.StaticSnacc Debug.Build.0 = Debug|Win32
		{2E176B7F-C694-4D1E-841C-F39CF9B5F600}.StaticSnacc Release.ActiveCfg = Release|Win32
		{2E176B7F-C694-4D1E-841C-F39CF9B5F600}.StaticSnacc Release.Build.0 = Release|Win32
		{8BE00E59-6066-4A64-91FF-2928624E4309}.Debug.ActiveCfg = Debug|Win32
		{8BE00E59-6066-4A64-91FF-2928624E4309}.Debug.Build.0 = Debug|Win32
		{8BE00E59-6066-4A64-91FF-2928624E4309}.Debug Bsafe60.ActiveCfg = Debug|Win32
		{8BE00E59-6066-4A64-91FF-2928624E4309}.Debug Bsafe60.Build.0 = Debug|Win32
		{8BE00E59-6066-4A64-91FF-2928624E4309}.Debug OpenSSL.ActiveCfg = Debug|Win32
		{8BE00E59-6066-4A64-91FF-2928624E4309}.Debug OpenSSL.Build.0 = Debug|Win32
		{8BE00E59-6066-4A64-91FF-2928624E4309}.FIPS 140 Debug.ActiveCfg = Debug|Win32
		{8BE00E59-6066-4A64-91FF-2928624E4309}.FIPS 140 Debug.Build.0 = Debug|Win32
		{8BE00E59-6066-4A64-91FF-2928624E4309}.FIPS 140 Release.ActiveCfg = Release|Win32
		{8BE00E59-6066-4A64-91FF-2928624E4309}.FIPS 140 Release.Build.0 = Release|Win32
		{8BE00E59-6066-4A64-91FF-2928624E4309}.Release.ActiveCfg = Release|Win32
		{8BE00E59-6066-4A64-91FF-2928624E4309}.Release.Build.0 = Release|Win32
		{8BE00E59-6066-4A64-91FF-2928624E4309}.Release OpenSSL.ActiveCfg = Release|Win32
		{8BE00E59-6066-4A64-91FF-2928624E4309}.Release OpenSSL.Build.0 = Release|Win32
		{8BE00E59-6066-4A64-91FF-2928624E4309}.StaticSnacc Debug.ActiveCfg = StaticSnacc Debug|Win32
		{8BE00E59-6066-4A64-91FF-2928624E4309}.StaticSnacc Debug.Build.0 = StaticSnacc Debug|Win32
		{8BE00E59-6066-4A64-91FF-2928624E4309}.StaticSnacc Release.ActiveCfg = StaticSnacc Release|Win32
		{8BE00E59-6066-4A64-91FF-2928624E4309}.StaticSnacc Release.Build.0 = StaticSnacc Release|Win32
		{3D56A8CF-1600-48B0-852D-E4E9D6C2AA21}.Debug.ActiveCfg = Debug|Win32
		{3D56A8CF-1600-48B0-852D-E4E9D6C2AA21}.Debug.Build.0 = Debug|Win32
		{3D56A8CF-1600-48B0-852D-E4E9D6C2AA21}.Debug Bsafe60.ActiveCfg = Debug|Win32
		{3D56A8CF-1600-48B0-852D-E4E9D6C2AA21}.Debug Bsafe60.Build.0 = Debug|Win32
		{3D56A8CF-1600-48B0-852D-E4E9D6C2AA21}.Debug OpenSSL.ActiveCfg = Debug|Win32
		{3D56A8CF-1600-48B0-852D-E4E9D6C2AA21}.Debug OpenSSL.Build.0 = Debug|Win32
		{3D56A8CF-1600-48B0-852D-E4E9D6C2AA21}.FIPS 140 Debug.ActiveCfg = Debug|Win32
		{3D56A8CF-1600-48B0-852D-E4E9D6C2AA21}.FIPS 140 Debug.Build.0 = Debug|Win32
		{3D56A8CF-1600-48B0-852D-E4E9D6C2AA21}.FIPS 140 Release.ActiveCfg = Release|Win32
		{3D56A8CF-1600-48B0-852D-E4E9D6C2AA21}.FIPS 140 Release.Build.0 = Release|Win32
		{3D56A8CF-1600-48B0-852D-E4E9D6C2AA21}.Release.ActiveCfg = Release|Win32
		{3D56A8CF-1600-48B0-852D-E4E9D6C2AA21}.Release.Build.0 = Release|Win32
		{3D56A8CF-1600-48B0-852D-E4E9D6C2AA21}.Release OpenSSL.ActiveCfg = Release|Win32
		{3D56A8CF-1600-48B0-852D-E4E9D6C2AA21}.Release OpenSSL.Build.0 = Release|Win32
		{3D56A8CF-1600-48B0-852D-E4E9D6C2AA21}.StaticSnacc Debug.ActiveCfg = Debug|Win32
		{3D56A8CF-1600-48B0-852D-E4E9D6C2AA21}.StaticSnacc Debug.Build.0 = Debug|Win32
		{3D56A8CF-1600-48B0-852D-E4E9D6C2AA21}.StaticSnacc Release.ActiveCfg = Release|Win32
		{3D56A8CF-1600-48B0-852D-E4E9D6C2AA21}.StaticSnacc Release.Build.0 = Release|Win32
		{607DBC60-2B81-484E-A9EF-98123BB32C9E}.Debug.ActiveCfg = Debug|Win32
		{607DBC60-2B81-484E-A9EF-98123BB32C9E}.Debug.Build.0 = Debug|Win32
		{607DBC60-2B81-484E-A9EF-98123BB32C9E}.Debug Bsafe60.ActiveCfg = Debug|Win32
		{607DBC60-2B81-484E-A9EF-98123BB32C9E}.Debug Bsafe60.Build.0 = Debug|Win32
		{607DBC60-2B81-484E-A9EF-98123BB32C9E}.Debug OpenSSL.ActiveCfg = Debug|Win32
		{607DBC60-2B81-484E-A9EF-98123BB32C9E}.Debug OpenSSL.Build.0 = Debug|Win32
		{607DBC60-2B81-484E-A9EF-98123BB32C9E}.FIPS 140 Debug.ActiveCfg = Debug|Win32
		{607DBC60-2B81-484E-A9EF-98123BB32C9E}.FIPS 140 Debug.Build.0 = Debug|Win32
		{607DBC60-2B81-484E-A9EF-98123BB32C9E}.FIPS 140 Release.ActiveCfg = Release|Win32
		{607DBC60-2B81-484E-A9EF-98123BB32C9E}.FIPS 140 Release.Build.0 = Release|Win32
		{607DBC60-2B81-484E-A9EF-98123BB32C9E}.Release.ActiveCfg = Release|Win32
		{607DBC60-2B81-484E-A9EF-98123BB32C9E}.Release.Build.0 = Release|Win32
		{607DBC60-2B81-484E-A9EF-98123BB32C9E}.Release OpenSSL.ActiveCfg = Release|Win32
		{607DBC60-2B81-484E-A9EF-98123BB32C9E}.Release OpenSSL.Build.0 = Release|Win32
		{607DBC60-2B81-484E-A9EF-98123BB32C9E}.StaticSnacc Debug.ActiveCfg = StaticSnacc Debug|Win32
		{607DBC60-2B81-484E-A9EF-98123BB32C9E}.StaticSnacc Debug.Build.0 = StaticSnacc Debug|Win32
		{607DBC60-2B81-484E-A9EF-98123BB32C9E}.StaticSnacc Release.ActiveCfg = StaticSnacc Release|Win32
		{607DBC60-2B81-484E-A9EF-98123BB32C9E}.StaticSnacc Release.Build.0 = StaticSnacc Release|Win32
		{DB0A0B34-8AA7-4EDB-AFB5-1D9FEE0CD1A0}.Debug.ActiveCfg = Debug|Win32
		{DB0A0B34-8AA7-4EDB-AFB5-1D9FEE0CD1A0}.Debug.Build.0 = Debug|Win32
		{DB0A0B34-8AA7-4EDB-AFB5-1D9FEE0CD1A0}.Debug Bsafe60.ActiveCfg = Debug|Win32
		{DB0A0B34-8AA7-4EDB-AFB5-1D9FEE0CD1A0}.Debug Bsafe60.Build.0 = Debug|Win32
		{DB0A0B34-8AA7-4EDB-AFB5-1D9FEE0CD1A0}.Debug OpenSSL.ActiveCfg = Debug|Win32
		{DB0A0B34-8AA7-4EDB-AFB5-1D9FEE0CD1A0}.Debug OpenSSL.Build.0 = Debug|Win32
		{DB0A0B34-8AA7-4EDB-AFB5-1D9FEE0CD1A0}.FIPS 140 Debug.ActiveCfg = Debug|Win32
		{DB0A0B34-8AA7-4EDB-AFB5-1D9FEE0CD1A0}.FIPS 140 Debug.Build.0 = Debug|Win32
		{DB0A0B34-8AA7-4EDB-AFB5-1D9FEE0CD1A0}.FIPS 140 Release.ActiveCfg = Release|Win32
		{DB0A0B34-8AA7-4EDB-AFB5-1D9FEE0CD1A0}.FIPS 140 Release.Build.0 = Release|Win32
		{DB0A0B34-8AA7-4EDB-AFB5-1D9FEE0CD1A0}.Release.ActiveCfg = Release|Win32
		{DB0A0B34-8AA7-4EDB-AFB5-1D9FEE0CD1A0}.Release.Build.0 = Release|Win32
		{DB0A0B34-8AA7-4EDB-AFB5-1D9FEE0CD1A0}.Release OpenSSL.ActiveCfg = Release|Win32
		{DB0A0B34-8AA7-4EDB-AFB5-1D9FEE0CD1A0}.Release OpenSSL.Build.0 = Release|Win32
		{DB0A0B34-8AA7-4EDB-AFB5-1D9FEE0CD1A0}.StaticSnacc Debug.ActiveCfg = Debug|Win32
		{DB0A0B34-8AA7-4EDB-AFB5-1D9FEE0CD1A0}.StaticSnacc Debug.Build.0 = Debug|Win32
		{DB0A0B34-8AA7-4EDB-AFB5-1D9FEE0CD1A0}.StaticSnacc Release.ActiveCfg = Release|Win32
		{DB0A0B34-8AA7-4EDB-AFB5-1D9FEE0CD1A0}.StaticSnacc Release.Build.0 = Release|Win32
		{39B6783B-D275-44C9-8AF9-2A955C4A93ED}.Debug.ActiveCfg = Debug|Win32
		{39B6783B-D275-44C9-8AF9-2A955C4A93ED}.Debug.Build.0 = Debug|Win32
		{39B6783B-D275-44C9-8AF9-2A955C4A93ED}.Debug Bsafe60.ActiveCfg = Debug|Win32
		{39B6783B-D275-44C9-8AF9-2A955C4A93ED}.Debug Bsafe60.Build.0 = Debug|Win32
		{39B6783B-D275-44C9-8AF9-2A955C4A93ED}.Debug OpenSSL.ActiveCfg = Debug OpenSSL|Win32
		{39B6783B-D275-44C9-8AF9-2A955C4A93ED}.Debug OpenSSL.Build.0 = Debug OpenSSL|Win32
		{39B6783B-D275-44C9-8AF9-2A955C4A93ED}.FIPS 140 Debug.ActiveCfg = Debug|Win32
		{39B6783B-D275-44C9-8AF9-2A955C4A93ED}.FIPS 140 Debug.Build.0 = Debug|Win32
		{39B6783B-D275-44C9-8AF9-2A955C4A93ED}.FIPS 140 Release.ActiveCfg = Release|Win32
		{39B6783B-D275-44C9-8AF9-2A955C4A93ED}.FIPS 140 Release.Build.0 = Release|Win32
		{39B6783B-D275-44C9-8AF9-2A955C4A93ED}.Release.ActiveCfg = Release|Win32
		{39B6783B-D275-44C9-8AF9-2A955C4A93ED}.Release.Build.0 = Release|Win32
		{39B6783B-D275-44C9-8AF9-2A955C4A93ED}.Release OpenSSL.ActiveCfg = Release OpenSSL|Win32
		{39B6783B-D275-44C9-8AF9-2A955C4A93ED}.Release OpenSSL.Build.0 = Release OpenSSL|Win32
		{39B6783B-D275-44C9-8AF9-2A955C4A93ED}.StaticSnacc Debug.ActiveCfg = Debug|Win32
		{39B6783B-D275-44C9-8AF9-2A955C4A93ED}.StaticSnacc Debug.Build.0 = Debug|Win32
		{39B6783B-D275-44C9-8AF9-2A955C4A93ED}.StaticSnacc Release.ActiveCfg = Release|Win32
		{39B6783B-D275-44C9-8AF9-2A955C4A93ED}.StaticSnacc Release.Build.0 = Release|Win32
		{E9D0ABCA-ECEA-496C-A8D4-C5DAB877042A}.Debug.ActiveCfg = Debug|Win32
		{E9D0ABCA-ECEA-496C-A8D4-C5DAB877042A}.Debug.Build.0 = Debug|Win32
		{E9D0ABCA-ECEA-496C-A8D4-C5DAB877042A}.Debug Bsafe60.ActiveCfg = Debug|Win32
		{E9D0ABCA-ECEA-496C-A8D4-C5DAB877042A}.Debug Bsafe60.Build.0 = Debug|Win32
		{E9D0ABCA-ECEA-496C-A8D4-C5DAB877042A}.Debug OpenSSL.ActiveCfg = Debug|Win32
		{E9D0ABCA-ECEA-496C-A8D4-C5DAB877042A}.Debug OpenSSL.Build.0 = Debug|Win32
		{E9D0ABCA-ECEA-496C-A8D4-C5DAB877042A}.FIPS 140 Debug.ActiveCfg = Debug|Win32
		{E9D0ABCA-ECEA-496C-A8D4-C5DAB877042A}.FIPS 140 Debug.Build.0 = Debug|Win32
		{E9D0ABCA-ECEA-496C-A8D4-C5DAB877042A}.FIPS 140 Release.ActiveCfg = Release|Win32
		{E9D0ABCA-ECEA-496C-A8D4-C5DAB877042A}.FIPS 140 Release.Build.0 = Release|Win32
		{E9D0ABCA-ECEA-496C-A8D4-C5DAB877042A}.Release.ActiveCfg = Release|Win32
		{E9D0ABCA-ECEA-496C-A8D4-C5DAB877042A}.Release.Build.0 = Release|Win32
		{E9D0ABCA-ECEA-496C-A8D4-C5DAB877042A}.Release OpenSSL.ActiveCfg = Release|Win32
		{E9D0ABCA-ECEA-496C-A8D4-C5DAB877042A}.Release OpenSSL.Build.0 = Release|Win32
		{E9D0ABCA-ECEA-496C-A8D4-C5DAB877042A}.StaticSnacc Debug.ActiveCfg = Debug|Win32
		{E9D0ABCA-ECEA-496C-A8D4-C5DAB877042A}.StaticSnacc Debug.Build.0 = Debug|Win32
		{E9D0ABCA-ECEA-496C-A8D4-C5DAB877042A}.StaticSnacc Release.ActiveCfg = Release|Win32
		{E9D0ABCA-ECEA-496C-A8D4-C5DAB877042A}.StaticSnacc Release.Build.0 = Release|Win32
		{02C9AE2D-B8B8-4301-A550-604465C1BF53}.Debug.ActiveCfg = Debug|Win32
		{02C9AE2D-B8B8-4301-A550-604465C1BF53}.Debug.Build.0 = Debug|Win32
		{02C9AE2D-B8B8-4301-A550-604465C1BF53}.Debug Bsafe60.ActiveCfg = Debug|Win32
		{02C9AE2D-B8B8-4301-A550-604465C1BF53}.Debug Bsafe60.Build.0 = Debug|Win32
		{02C9AE2D-B8B8-4301-A550-604465C1BF53}.Debug OpenSSL.ActiveCfg = Debug|Win32
		{02C9AE2D-B8B8-4301-A550-604465C1BF53}.Debug OpenSSL.Build.0 = Debug|Win32
		{02C9AE2D-B8B8-4301-A550-604465C1BF53}.FIPS 140 Debug.ActiveCfg = Debug|Win32
		{02C9AE2D-B8B8-4301-A550-604465C1BF53}.FIPS 140 Debug.Build.0 = Debug|Win32
		{02C9AE2D-B8B8-4301-A550-604465C1BF53}.FIPS 140 Release.ActiveCfg = Release|Win32
		{02C9AE2D-B8B8-4301-A550-604465C1BF53}.FIPS 140 Release.Build.0 = Release|Win32
		{02C9AE2D-B8B8-4301-A550-604465C1BF53}.Release.ActiveCfg = Release|Win32
		{02C9AE2D-B8B8-4301-A550-604465C1BF53}.Release.Build.0 = Release|Win32
		{02C9AE2D-B8B8-4301-A550-604465C1BF53}.Release OpenSSL.ActiveCfg = Release|Win32
		{02C9AE2D-B8B8-4301-A550-604465C1BF53}.Release OpenSSL.Build.0 = Release|Win32
		{02C9AE2D-B8B8-4301-A550-604465C1BF53}.StaticSnacc Debug.ActiveCfg = Debug|Win32
		{02C9AE2D-B8B8-4301-A550-604465C1BF53}.StaticSnacc Debug.Build.0 = Debug|Win32
		{02C9AE2D-B8B8-4301-A550-604465C1BF53}.StaticSnacc Release.ActiveCfg = Release|Win32
		{02C9AE2D-B8B8-4301-A550-604465C1BF53}.StaticSnacc Release.Build.0 = Release|Win32
		{BF73EE6B-0095-480B-B4D2-62072AF2A6F5}.Debug.ActiveCfg = Debug|Win32
		{BF73EE6B-0095-480B-B4D2-62072AF2A6F5}.Debug.Build.0 = Debug|Win32
		{BF73EE6B-0095-480B-B4D2-62072AF2A6F5}.Debug Bsafe60.ActiveCfg = Debug|Win32
		{BF73EE6B-0095-480B-B4D2-62072AF2A6F5}.Debug Bsafe60.Build.0 = Debug|Win32
		{BF73EE6B-0095-480B-B4D2-62072AF2A6F5}.Debug OpenSSL.ActiveCfg = Debug|Win32
		{BF73EE6B-0095-480B-B4D2-62072AF2A6F5}.Debug OpenSSL.Build.0 = Debug|Win32
		{BF73EE6B-0095-480B-B4D2-62072AF2A6F5}.FIPS 140 Debug.ActiveCfg = Debug|Win32
		{BF73EE6B-0095-480B-B4D2-62072AF2A6F5}.FIPS 140 Debug.Build.0 = Debug|Win32
		{BF73EE6B-0095-480B-B4D2-62072AF2A6F5}.FIPS 140 Release.ActiveCfg = Release|Win32
		{BF73EE6B-0095-480B-B4D2-62072AF2A6F5}.FIPS 140 Release.Build.0 = Release|Win32
		{BF73EE6B-0095-480B-B4D2-62072AF2A6F5}.Release.ActiveCfg = Release|Win32
		{BF73EE6B-0095-480B-B4D2-62072AF2A6F5}.Release.Build.0 = Release|Win32
		{BF73EE6B-0095-480B-B4D2-62072AF2A6F5}.Release OpenSSL.ActiveCfg = Release|Win32
		{BF73EE6B-0095-480B-B4D2-62072AF2A6F5}.Release OpenSSL.Build.0 = Release|Win32
		{BF73EE6B-0095-480B-B4D2-62072AF2A6F5}.StaticSnacc Debug.ActiveCfg = Debug|Win32
		{BF73EE6B-0095-480B-B4D2-62072AF2A6F5}.StaticSnacc Debug.Build.0 = Debug|Win32
		{BF73EE6B-0095-480B-B4D2-62072AF2A6F5}.StaticSnacc Release.ActiveCfg = Release|Win32
		{BF73EE6B-0095-480B-B4D2-62072AF2A6F5}.StaticSnacc Release.Build.0 = Release|Win32
		{6611299D-BAFC-4575-8F62-231DF3A704C9}.Debug.ActiveCfg = Debug|Win32
		{6611299D-BAFC-4575-8F62-231DF3A704C9}.Debug.Build.0 = Debug|Win32
		{6611299D-BAFC-4575-8F62-231DF3A704C9}.Debug Bsafe60.ActiveCfg = Debug|Win32
		{6611299D-BAFC-4575-8F62-231DF3A704C9}.Debug Bsafe60.Build.0 = Debug|Win32
		{6611299D-BAFC-4575-8F62-231DF3A704C9}.Debug OpenSSL.ActiveCfg = Debug|Win32
		{6611299D-BAFC-4575-8F62-231DF3A704C9}.Debug OpenSSL.Build.0 = Debug|Win32
		{6611299D-BAFC-4575-8F62-231DF3A704C9}.FIPS 140 Debug.ActiveCfg = FIPS 140 Debug|Win32
		{6611299D-BAFC-4575-8F62-231DF3A704C9}.FIPS 140 Debug.Build.0 = FIPS 140 Debug|Win32
		{6611299D-BAFC-4575-8F62-231DF3A704C9}.FIPS 140 Release.ActiveCfg = FIPS 140 Release|Win32
		{6611299D-BAFC-4575-8F62-231DF3A704C9}.FIPS 140 Release.Build.0 = FIPS 140 Release|Win32
		{6611299D-BAFC-4575-8F62-231DF3A704C9}.Release.ActiveCfg = Release|Win32
		{6611299D-BAFC-4575-8F62-231DF3A704C9}.Release.Build.0 = Release|Win32
		{6611299D-BAFC-4575-8F62-231DF3A704C9}.Release OpenSSL.ActiveCfg = Release|Win32
		{6611299D-BAFC-4575-8F62-231DF3A704C9}.Release OpenSSL.Build.0 = Release|Win32
		{6611299D-BAFC-4575-8F62-231DF3A704C9}.StaticSnacc Debug.ActiveCfg = Debug|Win32
		{6611299D-BAFC-4575-8F62-231DF3A704C9}.StaticSnacc Debug.Build.0 = Debug|Win32
		{6611299D-BAFC-4575-8F62-231DF3A704C9}.StaticSnacc Release.ActiveCfg = Release|Win32
		{6611299D-BAFC-4575-8F62-231DF3A704C9}.StaticSnacc Release.Build.0 = Release|Win32
		{171554C5-AF04-41D5-A3EF-49EF8B76F754}.Debug.ActiveCfg = Debug|Win32
		{171554C5-AF04-41D5-A3EF-49EF8B76F754}.Debug.Build.0 = Debug|Win32
		{171554C5-AF04-41D5-A3EF-49EF8B76F754}.Debug Bsafe60.ActiveCfg = Debug|Win32
		{171554C5-AF04-41D5-A3EF-49EF8B76F754}.Debug Bsafe60.Build.0 = Debug|Win32
		{171554C5-AF04-41D5-A3EF-49EF8B76F754}.Debug OpenSSL.ActiveCfg = Debug|Win32
		{171554C5-AF04-41D5-A3EF-49EF8B76F754}.Debug OpenSSL.Build.0 = Debug|Win32
		{171554C5-AF04-41D5-A3EF-49EF8B76F754}.FIPS 140 Debug.ActiveCfg = Debug|Win32
		{171554C5-AF04-41D5-A3EF-49EF8B76F754}.FIPS 140 Debug.Build.0 = Debug|Win32
		{171554C5-AF04-41D5-A3EF-49EF8B76F754}.FIPS 140 Release.ActiveCfg = Release|Win32
		{171554C5-AF04-41D5-A3EF-49EF8B76F754}.FIPS 140 Release.Build.0 = Release|Win32
		{171554C5-AF04-41D5-A3EF-49EF8B76F754}.Release.ActiveCfg = Release|Win32
		{171554C5-AF04-41D5-A3EF-49EF8B76F754}.Release.Build.0 = Release|Win32
		{171554C5-AF04-41D5-A3EF-49EF8B76F754}.Release OpenSSL.ActiveCfg = Release|Win32
		{171554C5-AF04-41D5-A3EF-49EF8B76F754}.Release OpenSSL.Build.0 = Release|Win32
		{171554C5-AF04-41D5-A3EF-49EF8B76F754}.StaticSnacc Debug.ActiveCfg = Debug|Win32
		{171554C5-AF04-41D5-A3EF-49EF8B76F754}.StaticSnacc Debug.Build.0 = Debug|Win32
		{171554C5-AF04-41D5-A3EF-49EF8B76F754}.StaticSnacc Release.ActiveCfg = Release|Win32
		{171554C5-AF04-41D5-A3EF-49EF8B76F754}.StaticSnacc Release.Build.0 = Release|Win32
		{6A7E74F9-ADFA-47D1-B994-9D1073431402}.Debug.ActiveCfg = Debug|Win32
		{6A7E74F9-ADFA-47D1-B994-9D1073431402}.Debug.Build.0 = Debug|Win32
		{6A7E74F9-ADFA-47D1-B994-9D1073431402}.Debug Bsafe60.ActiveCfg = Debug|Win32
		{6A7E74F9-ADFA-47D1-B994-9D1073431402}.Debug Bsafe60.Build.0 = Debug|Win32
		{6A7E74F9-ADFA-47D1-B994-9D1073431402}.Debug OpenSSL.ActiveCfg = Debug|Win32
		{6A7E74F9-ADFA-47D1-B994-9D1073431402}.Debug OpenSSL.Build.0 = Debug|Win32
		{6A7E74F9-ADFA-47D1-B994-9D1073431402}.FIPS 140 Debug.ActiveCfg = Debug|Win32
		{6A7E74F9-ADFA-47D1-B994-9D1073431402}.FIPS 140 Debug.Build.0 = Debug|Win32
		{6A7E74F9-ADFA-47D1-B994-9D1073431402}.FIPS 140 Release.ActiveCfg = Release|Win32
		{6A7E74F9-ADFA-47D1-B994-9D1073431402}.FIPS 140 Release.Build.0 = Release|Win32
		{6A7E74F9-ADFA-47D1-B994-9D1073431402}.Release.ActiveCfg = Release|Win32
		{6A7E74F9-ADFA-47D1-B994-9D1073431402}.Release.Build.0 = Release|Win32
		{6A7E74F9-ADFA-47D1-B994-9D1073431402}.Release OpenSSL.ActiveCfg = Release|Win32
		{6A7E74F9-ADFA-47D1-B994-9D1073431402}.Release OpenSSL.Build.0 = Release|Win32
		{6A7E74F9-ADFA-47D1-B994-9D1073431402}.StaticSnacc Debug.ActiveCfg = Debug|Win32
		{6A7E74F9-ADFA-47D1-B994-9D1073431402}.StaticSnacc Debug.Build.0 = Debug|Win32
		{6A7E74F9-ADFA-47D1-B994-9D1073431402}.StaticSnacc Release.ActiveCfg = Release|Win32
		{6A7E74F9-ADFA-47D1-B994-9D1073431402}.StaticSnacc Release.Build.0 = Release|Win32
		{B78C0CA4-8908-4347-98AE-7DB7300F7319}.Debug.ActiveCfg = Debug|Win32
		{B78C0CA4-8908-4347-98AE-7DB7300F7319}.Debug.Build.0 = Debug|Win32
		{B78C0CA4-8908-4347-98AE-7DB7300F7319}.Debug Bsafe60.ActiveCfg = Debug|Win32
		{B78C0CA4-8908-4347-98AE-7DB7300F7319}.Debug Bsafe60.Build.0 = Debug|Win32
		{B78C0CA4-8908-4347-98AE-7DB7300F7319}.Debug OpenSSL.ActiveCfg = Debug|Win32
		{B78C0CA4-8908-4347-98AE-7DB7300F7319}.Debug OpenSSL.Build.0 = Debug|Win32
		{B78C0CA4-8908-4347-98AE-7DB7300F7319}.FIPS 140 Debug.ActiveCfg = Debug|Win32
		{B78C0CA4-8908-4347-98AE-7DB7300F7319}.FIPS 140 Debug.Build.0 = Debug|Win32
		{B78C0CA4-8908-4347-98AE-7DB7300F7319}.FIPS 140 Release.ActiveCfg = Release|Win32
		{B78C0CA4-8908-4347-98AE-7DB7300F7319}.FIPS 140 Release.Build.0 = Release|Win32
		{B78C0CA4-8908-4347-98AE-7DB7300F7319}.Release.ActiveCfg = Release|Win32
		{B78C0CA4-8908-4347-98AE-7DB7300F7319}.Release.Build.0 = Release|Win32
		{B78C0CA4-8908-4347-98AE-7DB7300F7319}.Release OpenSSL.ActiveCfg = Release|Win32
		{B78C0CA4-8908-4347-98AE-7DB7300F7319}.Release OpenSSL.Build.0 = Release|Win32
		{B78C0CA4-8908-4347-98AE-7DB7300F7319}.StaticSnacc Debug.ActiveCfg = Debug|Win32
		{B78C0CA4-8908-4347-98AE-7DB7300F7319}.StaticSnacc Debug.Build.0 = Debug|Win32
		{B78C0CA4-8908-4347-98AE-7DB7300F7319}.StaticSnacc Release.ActiveCfg = Release|Win32
		{B78C0CA4-8908-4347-98AE-7DB7300F7319}.StaticSnacc Release.Build.0 = Release|Win32
		{EF8E0C1A-35E7-4106-AD05-3A44A898CD5E}.Debug.ActiveCfg = Debug|Win32
		{EF8E0C1A-35E7-4106-AD05-3A44A898CD5E}.Debug.Build.0 = Debug|Win32
		{EF8E0C1A-35E7-4106-AD05-3A44A898CD5E}.Debug Bsafe60.ActiveCfg = Debug Bsafe60|Win32
		{EF8E0C1A-35E7-4106-AD05-3A44A898CD5E}.Debug Bsafe60.Build.0 = Debug Bsafe60|Win32
		{EF8E0C1A-35E7-4106-AD05-3A44A898CD5E}.Debug OpenSSL.ActiveCfg = Debug Bsafe60|Win32
		{EF8E0C1A-35E7-4106-AD05-3A44A898CD5E}.Debug OpenSSL.Build.0 = Debug Bsafe60|Win32
		{EF8E0C1A-35E7-4106-AD05-3A44A898CD5E}.FIPS 140 Debug.ActiveCfg = Debug|Win32
		{EF8E0C1A-35E7-4106-AD05-3A44A898CD5E}.FIPS 140 Debug.Build.0 = Debug|Win32
		{EF8E0C1A-35E7-4106-AD05-3A44A898CD5E}.FIPS 140 Release.ActiveCfg = Release|Win32
		{EF8E0C1A-35E7-4106-AD05-3A44A898CD5E}.FIPS 140 Release.Build.0 = Release|Win32
		{EF8E0C1A-35E7-4106-AD05-3A44A898CD5E}.Release.ActiveCfg = Release|Win32
		{EF8E0C1A-35E7-4106-AD05-3A44A898CD5E}.Release.Build.0 = Release|Win32
		{EF8E0C1A-35E7-4106-AD05-3A44A898CD5E}.Release OpenSSL.ActiveCfg = Release|Win32
		{EF8E0C1A-35E7-4106-AD05-3A44A898CD5E}.Release OpenSSL.Build.0 = Release|Win32
		{EF8E0C1A-35E7-4106-AD05-3A44A898CD5E}.StaticSnacc Debug.ActiveCfg = Debug|Win32
		{EF8E0C1A-35E7-4106-AD05-3A44A898CD5E}.StaticSnacc Debug.Build.0 = Debug|Win32
		{EF8E0C1A-35E7-4106-AD05-3A44A898CD5E}.StaticSnacc Release.ActiveCfg = Release|Win32
		{EF8E0C1A-35E7-4106-AD05-3A44A898CD5E}.StaticSnacc Release.Build.0 = Release|Win32
		{1F2C3A07-6051-422C-AF40-F6BE981B5892}.Debug.ActiveCfg = Debug|Win32
		{1F2C3A07-6051-422C-AF40-F6BE981B5892}.Debug.Build.0 = Debug|Win32
		{1F2C3A07-6051-422C-AF40-F6BE981B5892}.Debug Bsafe60.ActiveCfg = Debug|Win32
		{1F2C3A07-6051-422C-AF40-F6BE981B5892}.Debug Bsafe60.Build.0 = Debug|Win32
		{1F2C3A07-6051-422C-AF40-F6BE981B5892}.Debug OpenSSL.ActiveCfg = Debug|Win32
		{1F2C3A07-6051-422C-AF40-F6BE981B5892}.Debug OpenSSL.Build.0 = Debug|Win32
		{1F2C3A07-6051-422C-AF40-F6BE981B5892}.FIPS 140 Debug.ActiveCfg = Debug|Win32
		{1F2C3A07-6051-422C-AF40-F6BE981B5892}.FIPS 140 Debug.Build.0 = Debug|Win32
		{1F2C3A07-6051-422C-AF40-F6BE981B5892}.FIPS 140 Release.ActiveCfg = Release|Win32
		{1F2C3A07-6051-422C-AF40-F6BE981B5892}.FIPS 140 Release.Build.0 = Release|Win32
		{1F2C3A07-6051-422C-AF40-F6BE981B5892}.Release.ActiveCfg = Release|Win32
		{1F2C3A07-6051-422C-AF40-F6BE981B5892}.Release.Build.0 = Release|Win32
		{1F2C3A07-6051-422C-AF40-F6BE981B5892}.Release OpenSSL.ActiveCfg = Release|Win32
		{1F2C3A07-6051-422C-AF40-F6BE981B5892}.Release OpenSSL.Build.0 = Release|Win32
		{1F2C3A07-6051-422C-AF40-F6BE981B5892}.StaticSnacc Debug.ActiveCfg = Debug|Win32
		{1F2C3A07-6051-422C-AF40-F6BE981B5892}.StaticSnacc Debug.Build.0 = Debug|Win32
		{1F2C3A07-6051-422C-AF40-F6BE981B5892}.StaticSnacc Release.ActiveCfg = Release|Win32
		{1F2C3A07-6051-422C-AF40-F6BE981B5892}.StaticSnacc Release.Build.0 = Release|Win32
		{5F6DF9A1-6829-4C84-8450-7025D4B30C4D}.Debug.ActiveCfg = Debug|Win32
		{5F6DF9A1-6829-4C84-8450-7025D4B30C4D}.Debug.Build.0 = Debug|Win32
		{5F6DF9A1-6829-4C84-8450-7025D4B30C4D}.Debug Bsafe60.ActiveCfg = Debug|Win32
		{5F6DF9A1-6829-4C84-8450-7025D4B30C4D}.Debug Bsafe60.Build.0 = Debug|Win32
		{5F6DF9A1-6829-4C84-8450-7025D4B30C4D}.Debug OpenSSL.ActiveCfg = Debug|Win32
		{5F6DF9A1-6829-4C84-8450-7025D4B30C4D}.Debug OpenSSL.Build.0 = Debug|Win32
		{5F6DF9A1-6829-4C84-8450-7025D4B30C4D}.FIPS 140 Debug.ActiveCfg = Debug|Win32
		{5F6DF9A1-6829-4C84-8450-7025D4B30C4D}.FIPS 140 Debug.Build.0 = Debug|Win32
		{5F6DF9A1-6829-4C84-8450-7025D4B30C4D}.FIPS 140 Release.ActiveCfg = Release|Win32
		{5F6DF9A1-6829-4C84-8450-7025D4B30C4D}.FIPS 140 Release.Build.0 = Release|Win32
		{5F6DF9A1-6829-4C84-8450-7025D4B30C4D}.Release.ActiveCfg = Release|Win32
		{5F6DF9A1-6829-4C84-8450-7025D4B30C4D}.Release.Build.0 = Release|Win32
		{5F6DF9A1-6829-4C84-8450-7025D4B30C4D}.Release OpenSSL.ActiveCfg = Release|Win32
		{5F6DF9A1-6829-4C84-8450-7025D4B30C4D}.Release OpenSSL.Build.0 = Release|Win32
		{5F6DF9A1-6829-4C84-8450-7025D4B30C4D}.StaticSnacc Debug.ActiveCfg = Debug|Win32
		{5F6DF9A1-6829-4C84-8450-7025D4B30C4D}.StaticSnacc Debug.Build.0 = Debug|Win32
		{5F6DF9A1-6829-4C84-8450-7025D4B30C4D}.StaticSnacc Release.ActiveCfg = Release|Win32
		{5F6DF9A1-6829-4C84-8450-7025D4B30C4D}.StaticSnacc Release.Build.0 = Release|Win32
		{314997EE-DA42-44DA-AA30-DD1928E5F9C1}.Debug.ActiveCfg = Debug|Win32
		{314997EE-DA42-44DA-AA30-DD1928E5F9C1}.Debug.Build.0 = Debug|Win32
		{314997EE-DA42-44DA-AA30-DD1928E5F9C1}.Debug Bsafe60.ActiveCfg = Debug|Win32
		{314997EE-DA42-44DA-AA30-DD1928E5F9C1}.Debug Bsafe60.Build.0 = Debug|Win32
		{314997EE-DA42-44DA-AA30-DD1928E5F9C1}.Debug OpenSSL.ActiveCfg = Debug|Win32
		{314997EE-DA42-44DA-AA30-DD1928E5F9C1}.Debug OpenSSL.Build.0 = Debug|Win32
		{314997EE-DA42-44DA-AA30-DD1928E5F9C1}.FIPS 140 Debug.ActiveCfg = Debug|Win32
		{314997EE-DA42-44DA-AA30-DD1928E5F9C1}.FIPS 140 Debug.Build.0 = Debug|Win32
		{314997EE-DA42-44DA-AA30-DD1928E5F9C1}.FIPS 140 Release.ActiveCfg = Release|Win32
		{314997EE-DA42-44DA-AA30-DD1928E5F9C1}.FIPS 140 Release.Build.0 = Release|Win32
		{314997EE-DA42-44DA-AA30-DD1928E5F9C1}.Release.ActiveCfg = Release|Win32
		{314997EE-DA42-44DA-AA30-DD1928E5F9C1}.Release.Build.0 = Release|Win32
		{314997EE-DA42-44DA-AA30-DD1928E5F9C1}.Release OpenSSL.ActiveCfg = Release|Win32
		{314997EE-DA42-44DA-AA30-DD1928E5F9C1}.Release OpenSSL.Build.0 = Release|Win32
		{314997EE-DA42-44DA-AA30-DD1928E5F9C1}.StaticSnacc Debug.ActiveCfg = Debug|Win32
		{314997EE-DA42-44DA-AA30-DD1928E5F9C1}.StaticSnacc Debug.Build.0 = Debug|Win32
		{314997EE-DA42-44DA-AA30-DD1928E5F9C1}.StaticSnacc Release.ActiveCfg = Release|Win32
		{314997EE-DA42-44DA-AA30-DD1928E5F9C1}.StaticSnacc Release.Build.0 = Release|Win32
		{05DC19A0-EDCC-4DE4-846B-89D9E9784324}.Debug.ActiveCfg = Debug|Win32
		{05DC19A0-EDCC-4DE4-846B-89D9E9784324}.Debug.Build.0 = Debug|Win32
		{05DC19A0-EDCC-4DE4-846B-89D9E9784324}.Debug Bsafe60.ActiveCfg = Debug|Win32
		{05DC19A0-EDCC-4DE4-846B-89D9E9784324}.Debug Bsafe60.Build.0 = Debug|Win32
		{05DC19A0-EDCC-4DE4-846B-89D9E9784324}.Debug OpenSSL.ActiveCfg = Debug|Win32
		{05DC19A0-EDCC-4DE4-846B-89D9E9784324}.Debug OpenSSL.Build.0 = Debug|Win32
		{05DC19A0-EDCC-4DE4-846B-89D9E9784324}.FIPS 140 Debug.ActiveCfg = Debug|Win32
		{05DC19A0-EDCC-4DE4-846B-89D9E9784324}.FIPS 140 Debug.Build.0 = Debug|Win32
		{05DC19A0-EDCC-4DE4-846B-89D9E9784324}.FIPS 140 Release.ActiveCfg = Release|Win32
		{05DC19A0-EDCC-4DE4-846B-89D9E9784324}.FIPS 140 Release.Build.0 = Release|Win32
		{05DC19A0-EDCC-4DE4-846B-89D9E9784324}.Release.ActiveCfg = Release|Win32
		{05DC19A0-EDCC-4DE4-846B-89D9E9784324}.Release.Build.0 = Release|Win32
		{05DC19A0-EDCC-4DE4-846B-89D9E9784324}.Release OpenSSL.ActiveCfg = Release|Win32
		{05DC19A0-EDCC-4DE4-846B-89D9E9784324}.Release OpenSSL.Build.0 = Release|Win32
		{05DC19A0-EDCC-4DE4-846B-89D9E9784324}.StaticSnacc Debug.ActiveCfg = Debug|Win32
		{05DC19A0-EDCC-4DE4-846B-89D9E9784324}.StaticSnacc Debug.Build.0 = Debug|Win32
		{05DC19A0-EDCC-4DE4-846B-89D9E9784324}.StaticSnacc Release.ActiveCfg = Release|Win32
		{05DC19A0-EDCC-4DE4-846B-89D9E9784324}.StaticSnacc Release.Build.0 = Release|Win32
	EndGlobalSection
	GlobalSection(ExtensibilityGlobals) = postSolution
	EndGlobalSection
	GlobalSection(ExtensibilityAddIns) = postSolution
	EndGlobalSection
EndGlobal
