Microsoft Visual Studio Solution File, Format Version 8.00
Project("{8BC9CEB8-8B4A-11D0-8D11-00A0C91BC942}") = "ACL", "ACL.vcproj", "{5CC7EFDF-CA06-4E27-98A3-D23614936C01}"
	ProjectSection(ProjectDependencies) = postProject
		{C8F56603-EA5B-4B7B-967E-4CEB0B76131F} = {C8F56603-EA5B-4B7B-967E-4CEB0B76131F}
		{A47530E1-4199-4B02-BD2D-CBAB5A8E06DF} = {A47530E1-4199-4B02-BD2D-CBAB5A8E06DF}
		{595E407D-DB1A-4531-B415-C8E2BC954D11} = {595E407D-DB1A-4531-B415-C8E2BC954D11}
		{5D2ACE6D-632D-4B6C-9119-0B6C7490CC11} = {5D2ACE6D-632D-4B6C-9119-0B6C7490CC11}
		{8D4D54F2-DC60-4F08-A734-946F303B7338} = {8D4D54F2-DC60-4F08-A734-946F303B7338}
	EndProjectSection
EndProject
Project("{8BC9CEB8-8B4A-11D0-8D11-00A0C91BC942}") = "acltool", "sample\acltool\acltool.vcproj", "{12A6FCC7-E946-4179-AF59-BAF74CC4D64A}"
	ProjectSection(ProjectDependencies) = postProject
		{5D2ACE6D-632D-4B6C-9119-0B6C7490CC11} = {5D2ACE6D-632D-4B6C-9119-0B6C7490CC11}
		{595E407D-DB1A-4531-B415-C8E2BC954D11} = {595E407D-DB1A-4531-B415-C8E2BC954D11}
		{A47530E1-4199-4B02-BD2D-CBAB5A8E06DF} = {A47530E1-4199-4B02-BD2D-CBAB5A8E06DF}
		{C8F56603-EA5B-4B7B-967E-4CEB0B76131F} = {C8F56603-EA5B-4B7B-967E-4CEB0B76131F}
		{A13CCA75-BC43-4FB4-BA3B-D38A963560B6} = {A13CCA75-BC43-4FB4-BA3B-D38A963560B6}
		{5CC7EFDF-CA06-4E27-98A3-D23614936C01} = {5CC7EFDF-CA06-4E27-98A3-D23614936C01}
	EndProjectSection
EndProject
Project("{8BC9CEB8-8B4A-11D0-8D11-00A0C91BC942}") = "aclutil2", "sample\aclutil2.vcproj", "{A13CCA75-BC43-4FB4-BA3B-D38A963560B6}"
	ProjectSection(ProjectDependencies) = postProject
		{5CC7EFDF-CA06-4E27-98A3-D23614936C01} = {5CC7EFDF-CA06-4E27-98A3-D23614936C01}
	EndProjectSection
EndProject
Project("{8BC9CEB8-8B4A-11D0-8D11-00A0C91BC942}") = "cmapi_dll", "..\cml\cmapi\cmapi_dll.vcproj", "{C8F56603-EA5B-4B7B-967E-4CEB0B76131F}"
	ProjectSection(ProjectDependencies) = postProject
		{A47530E1-4199-4B02-BD2D-CBAB5A8E06DF} = {A47530E1-4199-4B02-BD2D-CBAB5A8E06DF}
		{5D2ACE6D-632D-4B6C-9119-0B6C7490CC11} = {5D2ACE6D-632D-4B6C-9119-0B6C7490CC11}
		{595E407D-DB1A-4531-B415-C8E2BC954D11} = {595E407D-DB1A-4531-B415-C8E2BC954D11}
	EndProjectSection
EndProject
Project("{8BC9CEB8-8B4A-11D0-8D11-00A0C91BC942}") = "cmlasn", "..\cml\cmlasn\cmlasn.vcproj", "{A47530E1-4199-4B02-BD2D-CBAB5A8E06DF}"
	ProjectSection(ProjectDependencies) = postProject
		{5D2ACE6D-632D-4B6C-9119-0B6C7490CC11} = {5D2ACE6D-632D-4B6C-9119-0B6C7490CC11}
		{595E407D-DB1A-4531-B415-C8E2BC954D11} = {595E407D-DB1A-4531-B415-C8E2BC954D11}
	EndProjectSection
EndProject
Project("{8BC9CEB8-8B4A-11D0-8D11-00A0C91BC942}") = "cppasn1", "..\..\SNACC\c++-lib\cppasn1\cppasn1.vcproj", "{5D2ACE6D-632D-4B6C-9119-0B6C7490CC11}"
	ProjectSection(ProjectDependencies) = postProject
	EndProjectSection
EndProject
Project("{8BC9CEB8-8B4A-11D0-8D11-00A0C91BC942}") = "libCtilMgr", "..\SMIME\libCtilMgr\libCtilMgr.vcproj", "{595E407D-DB1A-4531-B415-C8E2BC954D11}"
	ProjectSection(ProjectDependencies) = postProject
		{5D2ACE6D-632D-4B6C-9119-0B6C7490CC11} = {5D2ACE6D-632D-4B6C-9119-0B6C7490CC11}
	EndProjectSection
EndProject
Project("{8BC9CEB8-8B4A-11D0-8D11-00A0C91BC942}") = "srl", "..\cml\srl\srl.vcproj", "{8D4D54F2-DC60-4F08-A734-946F303B7338}"
	ProjectSection(ProjectDependencies) = postProject
		{C8F56603-EA5B-4B7B-967E-4CEB0B76131F} = {C8F56603-EA5B-4B7B-967E-4CEB0B76131F}
		{A47530E1-4199-4B02-BD2D-CBAB5A8E06DF} = {A47530E1-4199-4B02-BD2D-CBAB5A8E06DF}
	EndProjectSection
EndProject
Global
	GlobalSection(SolutionConfiguration) = preSolution
		Debug = Debug
		Release = Release
	EndGlobalSection
	GlobalSection(ProjectConfiguration) = postSolution
		{5CC7EFDF-CA06-4E27-98A3-D23614936C01}.Debug.ActiveCfg = Debug|Win32
		{5CC7EFDF-CA06-4E27-98A3-D23614936C01}.Debug.Build.0 = Debug|Win32
		{5CC7EFDF-CA06-4E27-98A3-D23614936C01}.Release.ActiveCfg = Release|Win32
		{5CC7EFDF-CA06-4E27-98A3-D23614936C01}.Release.Build.0 = Release|Win32
		{12A6FCC7-E946-4179-AF59-BAF74CC4D64A}.Debug.ActiveCfg = Debug|Win32
		{12A6FCC7-E946-4179-AF59-BAF74CC4D64A}.Debug.Build.0 = Debug|Win32
		{12A6FCC7-E946-4179-AF59-BAF74CC4D64A}.Release.ActiveCfg = Release|Win32
		{12A6FCC7-E946-4179-AF59-BAF74CC4D64A}.Release.Build.0 = Release|Win32
		{A13CCA75-BC43-4FB4-BA3B-D38A963560B6}.Debug.ActiveCfg = Debug|Win32
		{A13CCA75-BC43-4FB4-BA3B-D38A963560B6}.Debug.Build.0 = Debug|Win32
		{A13CCA75-BC43-4FB4-BA3B-D38A963560B6}.Release.ActiveCfg = Release|Win32
		{A13CCA75-BC43-4FB4-BA3B-D38A963560B6}.Release.Build.0 = Release|Win32
		{C8F56603-EA5B-4B7B-967E-4CEB0B76131F}.Debug.ActiveCfg = Debug|Win32
		{C8F56603-EA5B-4B7B-967E-4CEB0B76131F}.Debug.Build.0 = Debug|Win32
		{C8F56603-EA5B-4B7B-967E-4CEB0B76131F}.Release.ActiveCfg = Release|Win32
		{C8F56603-EA5B-4B7B-967E-4CEB0B76131F}.Release.Build.0 = Release|Win32
		{A47530E1-4199-4B02-BD2D-CBAB5A8E06DF}.Debug.ActiveCfg = Debug|Win32
		{A47530E1-4199-4B02-BD2D-CBAB5A8E06DF}.Debug.Build.0 = Debug|Win32
		{A47530E1-4199-4B02-BD2D-CBAB5A8E06DF}.Release.ActiveCfg = Release|Win32
		{A47530E1-4199-4B02-BD2D-CBAB5A8E06DF}.Release.Build.0 = Release|Win32
		{5D2ACE6D-632D-4B6C-9119-0B6C7490CC11}.Debug.ActiveCfg = Debug|Win32
		{5D2ACE6D-632D-4B6C-9119-0B6C7490CC11}.Debug.Build.0 = Debug|Win32
		{5D2ACE6D-632D-4B6C-9119-0B6C7490CC11}.Release.ActiveCfg = Release|Win32
		{5D2ACE6D-632D-4B6C-9119-0B6C7490CC11}.Release.Build.0 = Release|Win32
		{595E407D-DB1A-4531-B415-C8E2BC954D11}.Debug.ActiveCfg = Debug|Win32
		{595E407D-DB1A-4531-B415-C8E2BC954D11}.Debug.Build.0 = Debug|Win32
		{595E407D-DB1A-4531-B415-C8E2BC954D11}.Release.ActiveCfg = Release|Win32
		{595E407D-DB1A-4531-B415-C8E2BC954D11}.Release.Build.0 = Release|Win32
		{8D4D54F2-DC60-4F08-A734-946F303B7338}.Debug.ActiveCfg = Debug|Win32
		{8D4D54F2-DC60-4F08-A734-946F303B7338}.Debug.Build.0 = Debug|Win32
		{8D4D54F2-DC60-4F08-A734-946F303B7338}.Release.ActiveCfg = Release|Win32
		{8D4D54F2-DC60-4F08-A734-946F303B7338}.Release.Build.0 = Release|Win32
	EndGlobalSection
	GlobalSection(ExtensibilityGlobals) = postSolution
	EndGlobalSection
	GlobalSection(ExtensibilityAddIns) = postSolution
	EndGlobalSection
EndGlobal
